{
  "name": "angular-projekt",
  "version": "0.0.0",
  "lockfileVersion": 1,
  "requires": true,
  "dependencies": {
    "@ngrx/store": {
      "version": "13.0.2",
      "resolved": "https://registry.npmjs.org/@ngrx/store/-/store-13.0.2.tgz",
      "integrity": "sha512-F7tsc3oCvKh+62MKiXTrvSeaxR41u4p8bch3BLjz12F37376rMuBnXf+V1thsPTZ6RB6aycAi821EQYVXFCXZg==",
      "requires": {
        "tslib": "^2.0.0"
      },
      "dependencies": {
        "tslib": {
          "version": "2.3.1",
          "resolved": "https://registry.npmjs.org/tslib/-/tslib-2.3.1.tgz",
          "integrity": "sha512-77EbyPPpMz+FRFRuAFlWMtmgUWGe9UOG2Z25NqCwiIjRhOf5iKGuzSe5P2w1laq+FkRy4p+PCuVkJSGkzTEKVw=="
        }
      }
    }
  }
}
